
Microsoft Visual Studio Solution File, Format Version 12.00
# Visual Studio Version 17
VisualStudioVersion = 17.2.32630.192
MinimumVisualStudioVersion = 10.0.40219.1
Project("{9A19103F-16F7-4668-BE54-9A1E7A4F7556}") = "Kurse", "EF_CodeFirst_Kursverwaltung\Kurse.csproj", "{1DA381FA-7E7C-4EC8-ADB4-047B169D352A}"
EndProject
Global
	GlobalSection(SolutionConfigurationPlatforms) = preSolution
		Debug|Any CPU = Debug|Any CPU
		Release|Any CPU = Release|Any CPU
	EndGlobalSection
	GlobalSection(ProjectConfigurationPlatforms) = postSolution
		{1DA381FA-7E7C-4EC8-ADB4-047B169D352A}.Debug|Any CPU.ActiveCfg = Debug|Any CPU
		{1DA381FA-7E7C-4EC8-ADB4-047B169D352A}.Debug|Any CPU.Build.0 = Debug|Any CPU
		{1DA381FA-7E7C-4EC8-ADB4-047B169D352A}.Release|Any CPU.ActiveCfg = Release|Any CPU
		{1DA381FA-7E7C-4EC8-ADB4-047B169D352A}.Release|Any CPU.Build.0 = Release|Any CPU
	EndGlobalSection
	GlobalSection(SolutionProperties) = preSolution
		HideSolutionNode = FALSE
	EndGlobalSection
	GlobalSection(ExtensibilityGlobals) = postSolution
		SolutionGuid = {C7A213CC-609D-4F2B-9615-BC4D5FD2C270}
	EndGlobalSection
EndGlobal
